// !$*UTF8*$!
{
	archiveVersion = 1;
	classes = {
	};
	objectVersion = 46;
	objects = {

/* Begin PBXBuildFile section */
		D8304C1E1E55A98100AF8728 /* AppDelegate.swift in Sources */ = {isa = PBXBuildFile; fileRef = D8304C1D1E55A98100AF8728 /* AppDelegate.swift */; };
		D8304C201E55A98100AF8728 /* ViewController.swift in Sources */ = {isa = PBXBuildFile; fileRef = D8304C1F1E55A98100AF8728 /* ViewController.swift */; };
		D8304C231E55A98100AF8728 /* Main.storyboard in Resources */ = {isa = PBXBuildFile; fileRef = D8304C211E55A98100AF8728 /* Main.storyboard */; };
		D8304C251E55A98100AF8728 /* Assets.xcassets in Resources */ = {isa = PBXBuildFile; fileRef = D8304C241E55A98100AF8728 /* Assets.xcassets */; };
		D8304C281E55A98100AF8728 /* LaunchScreen.storyboard in Resources */ = {isa = PBXBuildFile; fileRef = D8304C261E55A98100AF8728 /* LaunchScreen.storyboard */; };
/* End PBXBuildFile section */

/* Begin PBXFileReference section */
		D8304C1A1E55A98100AF8728 /* TestBuddyBuild.app */ = {isa = PBXFileReference; explicitFileType = wrapper.application; includeInIndex = 0; path = TestBuddyBuild.app; sourceTree = BUILT_PRODUCTS_DIR; };
		D8304C1D1E55A98100AF8728 /* AppDelegate.swift */ = {isa = PBXFileReference; lastKnownFileType = sourcecode.swift; path = AppDelegate.swift; sourceTree = "<group>"; };
		D8304C1F1E55A98100AF8728 /* ViewController.swift */ = {isa = PBXFileReference; lastKnownFileType = sourcecode.swift; path = ViewController.swift; sourceTree = "<group>"; };
		D8304C221E55A98100AF8728 /* Base */ = {isa = PBXFileReference; lastKnownFileType = file.storyboard; name = Base; path = Base.lproj/Main.storyboard; sourceTree = "<group>"; };
		D8304C241E55A98100AF8728 /* Assets.xcassets */ = {isa = PBXFileReference; lastKnownFileType = folder.assetcatalog; path = Assets.xcassets; sourceTree = "<group>"; };
		D8304C271E55A98100AF8728 /* Base */ = {isa = PBXFileReference; lastKnownFileType = file.storyboard; name = Base; path = Base.lproj/LaunchScreen.storyboard; sourceTree = "<group>"; };
		D8304C291E55A98100AF8728 /* Info.plist */ = {isa = PBXFileReference; lastKnownFileType = text.plist.xml; path = Info.plist; sourceTree = "<group>"; };
/* End PBXFileReference section */

/* Begin PBXFrameworksBuildPhase section */
		D8304C171E55A98100AF8728 /* Frameworks */ = {
			isa = PBXFrameworksBuildPhase;
			buildActionMask = 2147483647;
			files = (
			);
			runOnlyForDeploymentPostprocessing = 0;
		};
/* End PBXFrameworksBuildPhase section */

/* Begin PBXGroup section */
		D8304C111E55A98100AF8728 = {
			isa = PBXGroup;
			children = (
				D8304C1C1E55A98100AF8728 /* TestBuddyBuild */,
				D8304C1B1E55A98100AF8728 /* Products */,
			);
			sourceTree = "<group>";
		};
		D8304C1B1E55A98100AF8728 /* Products */ = {
			isa = PBXGroup;
			children = (
				D8304C1A1E55A98100AF8728 /* TestBuddyBuild.app */,
			);
			name = Products;
			sourceTree = "<group>";
		};
		D8304C1C1E55A98100AF8728 /* TestBuddyBuild */ = {
			isa = PBXGroup;
			children = (
				D8304C1D1E55A98100AF8728 /* AppDelegate.swift */,
				D8304C1F1E55A98100AF8728 /* ViewController.swift */,
				D8304C211E55A98100AF8728 /* Main.storyboard */,
				D8304C241E55A98100AF8728 /* Assets.xcassets */,
				D8304C261E55A98100AF8728 /* LaunchScreen.storyboard */,
				D8304C291E55A98100AF8728 /* Info.plist */,
			);
			path = TestBuddyBuild;
			sourceTree = "<group>";
		};
/* End PBXGroup section */

/* Begin PBXNativeTarget section */
		D8304C191E55A98100AF8728 /* TestBuddyBuild */ = {
			isa = PBXNativeTarget;
			buildConfigurationList = D8304C2C1E55A98100AF8728 /* Build configuration list for PBXNativeTarget "TestBuddyBuild" */;
			buildPhases = (
				D8304C161E55A98100AF8728 /* Sources */,
				D8304C171E55A98100AF8728 /* Frameworks */,
				D8304C181E55A98100AF8728 /* Resources */,
			);
			buildRules = (
			);
			dependencies = (
			);
			name = TestBuddyBuild;
			productName = TestBuddyBuild;
			productReference = D8304C1A1E55A98100AF8728 /* TestBuddyBuild.app */;
			productType = "com.apple.product-type.application";
		};
/* End PBXNativeTarget section */

/* Begin PBXProject section */
		D8304C121E55A98100AF8728 /* Project object */ = {
			isa = PBXProject;
			attributes = {
				LastSwiftUpdateCheck = 0800;
				LastUpgradeCheck = 0800;
				ORGANIZATIONNAME = "ln-mac-01";
				TargetAttributes = {
					D8304C191E55A98100AF8728 = {
						CreatedOnToolsVersion = 8.0;
						DevelopmentTeam = 3XU2FJ59BN;
						ProvisioningStyle = Automatic;
					};
				};
			};
			buildConfigurationList = D8304C151E55A98100AF8728 /* Build configuration list for PBXProject "TestBuddyBuild" */;
			compatibilityVersion = "Xcode 3.2";
			developmentRegion = English;
			hasScannedForEncodings = 0;
			knownRegions = (
				en,
				Base,
			);
			mainGroup = D8304C111E55A98100AF8728;
			productRefGroup = D8304C1B1E55A98100AF8728 /* Products */;
			projectDirPath = "";
			projectRoot = "";
			targets = (
				D8304C191E55A98100AF8728 /* TestBuddyBuild */,
			);
		};
/* End PBXProject section */

/* Begin PBXResourcesBuildPhase section */
		D8304C181E55A98100AF8728 /* Resources */ = {
			isa = PBXResourcesBuildPhase;
			buildActionMask = 2147483647;
			files = (
				D8304C281E55A98100AF8728 /* LaunchScreen.storyboard in Resources */,
				D8304C251E55A98100AF8728 /* Assets.xcassets in Resources */,
				D8304C231E55A98100AF8728 /* Main.storyboard in Resources */,
			);
			runOnlyForDeploymentPostprocessing = 0;
		};
/* End PBXResourcesBuildPhase section */

/* Begin PBXSourcesBuildPhase section */
		D8304C161E55A98100AF8728 /* Sources */ = {
			isa = PBXSourcesBuildPhase;
			buildActionMask = 2147483647;
			files = (
				D8304C201E55A98100AF8728 /* ViewController.swift in Sources */,
				D8304C1E1E55A98100AF8728 /* AppDelegate.swift in Sources */,
			);
			runOnlyForDeploymentPostprocessing = 0;
		};
/* End PBXSourcesBuildPhase section */

/* Begin PBXVariantGroup section */
		D8304C211E55A98100AF8728 /* Main.storyboard */ = {
			isa = PBXVariantGroup;
			children = (
				D8304C221E55A98100AF8728 /* Base */,
			);
			name = Main.storyboard;
			sourceTree = "<group>";
		};
		D8304C261E55A98100AF8728 /* LaunchScreen.storyboard */ = {
			isa = PBXVariantGroup;
			children = (
				D8304C271E55A98100AF8728 /* Base */,
			);
			name = LaunchScreen.storyboard;
			sourceTree = "<group>";
		};
/* End PBXVariantGroup section */

/* Begin XCBuildConfiguration section */
		D8304C2A1E55A98100AF8728 /* Debug */ = {
			isa = XCBuildConfiguration;
			buildSettings = {
				ALWAYS_SEARCH_USER_PATHS = NO;
				CLANG_ANALYZER_NONNULL = YES;
				CLANG_CXX_LANGUAGE_STANDARD = "gnu++0x";
				CLANG_CXX_LIBRARY = "libc++";
				CLANG_ENABLE_MODULES = YES;
				CLANG_ENABLE_OBJC_ARC = YES;
				CLANG_WARN_BOOL_CONVERSION = YES;
				CLANG_WARN_CONSTANT_CONVERSION = YES;
				CLANG_WARN_DIRECT_OBJC_ISA_USAGE = YES_ERROR;
				CLANG_WARN_DOCUMENTATION_COMMENTS = YES;
				CLANG_WARN_EMPTY_BODY = YES;
				CLANG_WARN_ENUM_CONVERSION = YES;
				CLANG_WARN_INFINITE_RECURSION = YES;
				CLANG_WARN_INT_CONVERSION = YES;
				CLANG_WARN_OBJC_ROOT_CLASS = YES_ERROR;
				CLANG_WARN_SUSPICIOUS_MOVES = YES;
				CLANG_WARN_UNREACHABLE_CODE = YES;
				CLANG_WARN__DUPLICATE_METHOD_MATCH = YES;
				"CODE_SIGN_IDENTITY[sdk=iphoneos*]" = "iPhone Developer";
				COPY_PHASE_STRIP = NO;
				DEBUG_INFORMATION_FORMAT = dwarf;
				ENABLE_STRICT_OBJC_MSGSEND = YES;
				ENABLE_TESTABILITY = YES;
				GCC_C_LANGUAGE_STANDARD = gnu99;
				GCC_DYNAMIC_NO_PIC = NO;
				GCC_NO_COMMON_BLOCKS = YES;
				GCC_OPTIMIZATION_LEVEL = 0;
				GCC_PREPROCESSOR_DEFINITIONS = (
					"DEBUG=1",
					"$(inherited)",
				);
				GCC_WARN_64_TO_32_BIT_CONVERSION = YES;
				GCC_WARN_ABOUT_RETURN_TYPE = YES_ERROR;
				GCC_WARN_UNDECLARED_SELECTOR = YES;
				GCC_WARN_UNINITIALIZED_AUTOS = YES_AGGRESSIVE;
				GCC_WARN_UNUSED_FUNCTION = YES;
				GCC_WARN_UNUSED_VARIABLE = YES;
				IPHONEOS_DEPLOYMENT_TARGET = 10.0;
				MTL_ENABLE_DEBUG_INFO = YES;
				ONLY_ACTIVE_ARCH = YES;
				SDKROOT = iphoneos;
				SWIFT_ACTIVE_COMPILATION_CONDITIONS = DEBUG;
				SWIFT_OPTIMIZATION_LEVEL = "-Onone";
				TARGETED_DEVICE_FAMILY = "1,2";
			};
			name = Debug;
		};
		D8304C2B1E55A98100AF8728 /* Release */ = {
			isa = XCBuildConfiguration;
			buildSettings = {
				ALWAYS_SEARCH_USER_PATHS = NO;
				CLANG_ANALYZER_NONNULL = YES;
				CLANG_CXX_LANGUAGE_STANDARD = "gnu++0x";
				CLANG_CXX_LIBRARY = "libc++";
				CLANG_ENABLE_MODULES = YES;
				CLANG_ENABLE_OBJC_ARC = YES;
				CLANG_WARN_BOOL_CONVERSION = YES;
				CLANG_WARN_CONSTANT_CONVERSION = YES;
				CLANG_WARN_DIRECT_OBJC_ISA_USAGE = YES_ERROR;
				CLANG_WARN_DOCUMENTATION_COMMENTS = YES;
				CLANG_WARN_EMPTY_BODY = YES;
				CLANG_WARN_ENUM_CONVERSION = YES;
				CLANG_WARN_INFINITE_RECURSION = YES;
				CLANG_WARN_INT_CONVERSION = YES;
				CLANG_WARN_OBJC_ROOT_CLASS = YES_ERROR;
				CLANG_WARN_SUSPICIOUS_MOVES = YES;
				CLANG_WARN_UNREACHABLE_CODE = YES;
				CLANG_WARN__DUPLICATE_METHOD_MATCH = YES;
				"CODE_SIGN_IDENTITY[sdk=iphoneos*]" = "iPhone Developer";
				COPY_PHASE_STRIP = NO;
				DEBUG_INFORMATION_FORMAT = "dwarf-with-dsym";
				ENABLE_NS_ASSERTIONS = NO;
				ENABLE_STRICT_OBJC_MSGSEND = YES;
				GCC_C_LANGUAGE_STANDARD = gnu99;
				GCC_NO_COMMON_BLOCKS = YES;
				GCC_WARN_64_TO_32_BIT_CONVERSION = YES;
				GCC_WARN_ABOUT_RETURN_TYPE = YES_ERROR;
				GCC_WARN_UNDECLARED_SELECTOR = YES;
				GCC_WARN_UNINITIALIZED_AUTOS = YES_AGGRESSIVE;
				GCC_WARN_UNUSED_FUNCTION = YES;
				GCC_WARN_UNUSED_VARIABLE = YES;
				IPHONEOS_DEPLOYMENT_TARGET = 10.0;
				MTL_ENABLE_DEBUG_INFO = NO;
				SDKROOT = iphoneos;
				SWIFT_OPTIMIZATION_LEVEL = "-Owholemodule";
				TARGETED_DEVICE_FAMILY = "1,2";
				VALIDATE_PRODUCT = YES;
			};
			name = Release;
		};
		D8304C2D1E55A98100AF8728 /* Debug */ = {
			isa = XCBuildConfiguration;
			buildSettings = {
				ASSETCATALOG_COMPILER_APPICON_NAME = AppIcon;
				DEVELOPMENT_TEAM = 3XU2FJ59BN;
				INFOPLIST_FILE = TestBuddyBuild/Info.plist;
				LD_RUNPATH_SEARCH_PATHS = "$(inherited) @executable_path/Frameworks";
				PRODUCT_BUNDLE_IDENTIFIER = Mac.TestBuddyBuild;
				PRODUCT_NAME = "$(TARGET_NAME)";
				SWIFT_VERSION = 3.0;
			};
			name = Debug;
		};
		D8304C2E1E55A98100AF8728 /* Release */ = {
			isa = XCBuildConfiguration;
			buildSettings = {
				ASSETCATALOG_COMPILER_APPICON_NAME = AppIcon;
				DEVELOPMENT_TEAM = 3XU2FJ59BN;
				INFOPLIST_FILE = TestBuddyBuild/Info.plist;
				LD_RUNPATH_SEARCH_PATHS = "$(inherited) @executable_path/Frameworks";
				PRODUCT_BUNDLE_IDENTIFIER = Mac.TestBuddyBuild;
				PRODUCT_NAME = "$(TARGET_NAME)";
				SWIFT_VERSION = 3.0;
			};
			name = Release;
		};
/* End XCBuildConfiguration section */

/* Begin XCConfigurationList section */
		D8304C151E55A98100AF8728 /* Build configuration list for PBXProject "TestBuddyBuild" */ = {
			isa = XCConfigurationList;
			buildConfigurations = (
				D8304C2A1E55A98100AF8728 /* Debug */,
				D8304C2B1E55A98100AF8728 /* Release */,
			);
			defaultConfigurationIsVisible = 0;
			defaultConfigurationName = Release;
		};
		D8304C2C1E55A98100AF8728 /* Build configuration list for PBXNativeTarget "TestBuddyBuild" */ = {
			isa = XCConfigurationList;
			buildConfigurations = (
				D8304C2D1E55A98100AF8728 /* Debug */,
				D8304C2E1E55A98100AF8728 /* Release */,
			);
			defaultConfigurationIsVisible = 0;
		};
/* End XCConfigurationList section */
	};
	rootObject = D8304C121E55A98100AF8728 /* Project object */;
}
